
Microsoft Visual Studio Solution File, Format Version 12.00
# Visual Studio Version 17
VisualStudioVersion = 17.5.002.0
MinimumVisualStudioVersion = 10.0.40219.1
Project("{9A19103F-16F7-4668-BE54-9A1E7A4F7556}") = "Alpha.Common", "Alpha.Common.csproj", "{629847ED-785D-49F6-BC6E-FB3DDFF32F4A}"
EndProject
Global
	GlobalSection(SolutionConfigurationPlatforms) = preSolution
		Debug|Any CPU = Debug|Any CPU
		Release|Any CPU = Release|Any CPU
	EndGlobalSection
	GlobalSection(ProjectConfigurationPlatforms) = postSolution
		{629847ED-785D-49F6-BC6E-FB3DDFF32F4A}.Debug|Any CPU.ActiveCfg = Debug|Any CPU
		{629847ED-785D-49F6-BC6E-FB3DDFF32F4A}.Debug|Any CPU.Build.0 = Debug|Any CPU
		{629847ED-785D-49F6-BC6E-FB3DDFF32F4A}.Release|Any CPU.ActiveCfg = Release|Any CPU
		{629847ED-785D-49F6-BC6E-FB3DDFF32F4A}.Release|Any CPU.Build.0 = Release|Any CPU
	EndGlobalSection
	GlobalSection(SolutionProperties) = preSolution
		HideSolutionNode = FALSE
	EndGlobalSection
	GlobalSection(ExtensibilityGlobals) = postSolution
		SolutionGuid = {B70D10B8-E206-415B-908B-2DF870A14384}
	EndGlobalSection
EndGlobal
